// !$*UTF8*$!
{
	archiveVersion = 1;
	classes = {
	};
	objectVersion = 77;
	objects = {

/* Begin PBXContainerItemProxy section */
		288ECC3B300039E000C33A72 /* PBXContainerItemProxy */ = {
			isa = PBXContainerItemProxy;
			containerPortal = 288ECC25300039DE00C33A72 /* Project object */;
			proxyType = 1;
			remoteGlobalIDString = 288ECC2C300039DE00C33A72;
			remoteInfo = "burnzone-ui Watch App";
		};
		288ECC45300039E000C33A72 /* PBXContainerItemProxy */ = {
			isa = PBXContainerItemProxy;
			containerPortal = 288ECC25300039DE00C33A72 /* Project object */;
			proxyType = 1;
			remoteGlobalIDString = 288ECC2C300039DE00C33A72;
			remoteInfo = "burnzone-ui Watch App";
		};
/* End PBXContainerItemProxy section */

/* Begin PBXFileReference section */
		288ECC2D300039DE00C33A72 /* burnzone-ui Watch App.app */ = {isa = PBXFileReference; explicitFileType = wrapper.application; includeInIndex = 0; path = "burnzone-ui Watch App.app"; sourceTree = BUILT_PRODUCTS_DIR; };
		288ECC3A300039E000C33A72 /* burnzone-ui Watch AppTests.xctest */ = {isa = PBXFileReference; explicitFileType = wrapper.cfbundle; includeInIndex = 0; path = "burnzone-ui Watch AppTests.xctest"; sourceTree = BUILT_PRODUCTS_DIR; };
		288ECC44300039E000C33A72 /* burnzone-ui Watch AppUITests.xctest */ = {isa = PBXFileReference; explicitFileType = wrapper.cfbundle; includeInIndex = 0; path = "burnzone-ui Watch AppUITests.xctest"; sourceTree = BUILT_PRODUCTS_DIR; };
/* End PBXFileReference section */

/* Begin PBXFileSystemSynchronizedRootGroup section */
		288ECC2F300039DE00C33A72 /* burnzone-ui Watch App */ = {
			isa = PBXFileSystemSynchronizedRootGroup;
			path = "burnzone-ui Watch App";
			sourceTree = "<group>";
		};
		288ECC3D300039E000C33A72 /* burnzone-ui Watch AppTests */ = {
			isa = PBXFileSystemSynchronizedRootGroup;
			path = "burnzone-ui Watch AppTests";
			sourceTree = "<group>";
		};
		288ECC47300039E000C33A72 /* burnzone-ui Watch AppUITests */ = {
			isa = PBXFileSystemSynchronizedRootGroup;
			path = "burnzone-ui Watch AppUITests";
			sourceTree = "<group>";
		};
/* End PBXFileSystemSynchronizedRootGroup section */

/* Begin PBXFrameworksBuildPhase section */
		288ECC2A300039DE00C33A72 /* Frameworks */ = {
			isa = PBXFrameworksBuildPhase;
			buildActionMask = 2147483647;
			files = (
			);
			runOnlyForDeploymentPostprocessing = 0;
		};
		288ECC37300039E000C33A72 /* Frameworks */ = {
			isa = PBXFrameworksBuildPhase;
			buildActionMask = 2147483647;
			files = (
			);
			runOnlyForDeploymentPostprocessing = 0;
		};
		288ECC41300039E000C33A72 /* Frameworks */ = {
			isa = PBXFrameworksBuildPhase;
			buildActionMask = 2147483647;
			files = (
			);
			runOnlyForDeploymentPostprocessing = 0;
		};
/* End PBXFrameworksBuildPhase section */

/* Begin PBXGroup section */
		288ECC24300039DE00C33A72 = {
			isa = PBXGroup;
			children = (
				288ECC2F300039DE00C33A72 /* burnzone-ui Watch App */,
				288ECC3D300039E000C33A72 /* burnzone-ui Watch AppTests */,
				288ECC47300039E000C33A72 /* burnzone-ui Watch AppUITests */,
				288ECC2E300039DE00C33A72 /* Products */,
			);
			sourceTree = "<group>";
		};
		288ECC2E300039DE00C33A72 /* Products */ = {
			isa = PBXGroup;
			children = (
				288ECC2D300039DE00C33A72 /* burnzone-ui Watch App.app */,
				288ECC3A300039E000C33A72 /* burnzone-ui Watch AppTests.xctest */,
				288ECC44300039E000C33A72 /* burnzone-ui Watch AppUITests.xctest */,
			);
			name = Products;
			sourceTree = "<group>";
		};
/* End PBXGroup section */

/* Begin PBXNativeTarget section */
		288ECC2C300039DE00C33A72 /* burnzone-ui Watch App */ = {
			isa = PBXNativeTarget;
			buildConfigurationList = 288ECC4E300039E000C33A72 /* Build configuration list for PBXNativeTarget "burnzone-ui Watch App" */;
			buildPhases = (
				288ECC29300039DE00C33A72 /* Sources */,
				288ECC2A300039DE00C33A72 /* Frameworks */,
				288ECC2B300039DE00C33A72 /* Resources */,
			);
			buildRules = (
			);
			dependencies = (
			);
			fileSystemSynchronizedGroups = (
				288ECC2F300039DE00C33A72 /* burnzone-ui Watch App */,
			);
			name = "burnzone-ui Watch App";
			packageProductDependencies = (
			);
			productName = "burnzone-ui Watch App";
			productReference = 288ECC2D300039DE00C33A72 /* burnzone-ui Watch App.app */;
			productType = "com.apple.product-type.application";
		};
		288ECC39300039E000C33A72 /* burnzone-ui Watch AppTests */ = {
			isa = PBXNativeTarget;
			buildConfigurationList = 288ECC51300039E000C33A72 /* Build configuration list for PBXNativeTarget "burnzone-ui Watch AppTests" */;
			buildPhases = (
				288ECC36300039E000C33A72 /* Sources */,
				288ECC37300039E000C33A72 /* Frameworks */,
				288ECC38300039E000C33A72 /* Resources */,
			);
			buildRules = (
			);
			dependencies = (
				288ECC3C300039E000C33A72 /* PBXTargetDependency */,
			);
			fileSystemSynchronizedGroups = (
				288ECC3D300039E000C33A72 /* burnzone-ui Watch AppTests */,
			);
			name = "burnzone-ui Watch AppTests";
			packageProductDependencies = (
			);
			productName = "burnzone-ui Watch AppTests";
			productReference = 288ECC3A300039E000C33A72 /* burnzone-ui Watch AppTests.xctest */;
			productType = "com.apple.product-type.bundle.unit-test";
		};
		288ECC43300039E000C33A72 /* burnzone-ui Watch AppUITests */ = {
			isa = PBXNativeTarget;
			buildConfigurationList = 288ECC54300039E000C33A72 /* Build configuration list for PBXNativeTarget "burnzone-ui Watch AppUITests" */;
			buildPhases = (
				288ECC40300039E000C33A72 /* Sources */,
				288ECC41300039E000C33A72 /* Frameworks */,
				288ECC42300039E000C33A72 /* Resources */,
			);
			buildRules = (
			);
			dependencies = (
				288ECC46300039E000C33A72 /* PBXTargetDependency */,
			);
			fileSystemSynchronizedGroups = (
				288ECC47300039E000C33A72 /* burnzone-ui Watch AppUITests */,
			);
			name = "burnzone-ui Watch AppUITests";
			packageProductDependencies = (
			);
			productName = "burnzone-ui Watch AppUITests";
			productReference = 288ECC44300039E000C33A72 /* burnzone-ui Watch AppUITests.xctest */;
			productType = "com.apple.product-type.bundle.ui-testing";
		};
/* End PBXNativeTarget section */

/* Begin PBXProject section */
		288ECC25300039DE00C33A72 /* Project object */ = {
			isa = PBXProject;
			attributes = {
				BuildIndependentTargetsInParallel = 1;
				LastSwiftUpdateCheck = 2620;
				LastUpgradeCheck = 2620;
				TargetAttributes = {
					288ECC2C300039DE00C33A72 = {
						CreatedOnToolsVersion = 26.2;
					};
					288ECC39300039E000C33A72 = {
						CreatedOnToolsVersion = 26.2;
						TestTargetID = 288ECC2C300039DE00C33A72;
					};
					288ECC43300039E000C33A72 = {
						CreatedOnToolsVersion = 26.2;
						TestTargetID = 288ECC2C300039DE00C33A72;
					};
				};
			};
			buildConfigurationList = 288ECC28300039DE00C33A72 /* Build configuration list for PBXProject "burnzone-ui" */;
			developmentRegion = en;
			hasScannedForEncodings = 0;
			knownRegions = (
				en,
				Base,
			);
			mainGroup = 288ECC24300039DE00C33A72;
			minimizedProjectReferenceProxies = 1;
			preferredProjectObjectVersion = 77;
			productRefGroup = 288ECC2E300039DE00C33A72 /* Products */;
			projectDirPath = "";
			projectRoot = "";
			targets = (
				288ECC2C300039DE00C33A72 /* burnzone-ui Watch App */,
				288ECC39300039E000C33A72 /* burnzone-ui Watch AppTests */,
				288ECC43300039E000C33A72 /* burnzone-ui Watch AppUITests */,
			);
		};
/* End PBXProject section */

/* Begin PBXResourcesBuildPhase section */
		288ECC2B300039DE00C33A72 /* Resources */ = {
			isa = PBXResourcesBuildPhase;
			buildActionMask = 2147483647;
			files = (
			);
			runOnlyForDeploymentPostprocessing = 0;
		};
		288ECC38300039E000C33A72 /* Resources */ = {
			isa = PBXResourcesBuildPhase;
			buildActionMask = 2147483647;
			files = (
			);
			runOnlyForDeploymentPostprocessing = 0;
		};
		288ECC42300039E000C33A72 /* Resources */ = {
			isa = PBXResourcesBuildPhase;
			buildActionMask = 2147483647;
			files = (
			);
			runOnlyForDeploymentPostprocessing = 0;
		};
/* End PBXResourcesBuildPhase section */

/* Begin PBXSourcesBuildPhase section */
		288ECC29300039DE00C33A72 /* Sources */ = {
			isa = PBXSourcesBuildPhase;
			buildActionMask = 2147483647;
			files = (
			);
			runOnlyForDeploymentPostprocessing = 0;
		};
		288ECC36300039E000C33A72 /* Sources */ = {
			isa = PBXSourcesBuildPhase;
			buildActionMask = 2147483647;
			files = (
			);
			runOnlyForDeploymentPostprocessing = 0;
		};
		288ECC40300039E000C33A72 /* Sources */ = {
			isa = PBXSourcesBuildPhase;
			buildActionMask = 2147483647;
			files = (
			);
			runOnlyForDeploymentPostprocessing = 0;
		};
/* End PBXSourcesBuildPhase section */

/* Begin PBXTargetDependency section */
		288ECC3C300039E000C33A72 /* PBXTargetDependency */ = {
			isa = PBXTargetDependency;
			target = 288ECC2C300039DE00C33A72 /* burnzone-ui Watch App */;
			targetProxy = 288ECC3B300039E000C33A72 /* PBXContainerItemProxy */;
		};
		288ECC46300039E000C33A72 /* PBXTargetDependency */ = {
			isa = PBXTargetDependency;
			target = 288ECC2C300039DE00C33A72 /* burnzone-ui Watch App */;
			targetProxy = 288ECC45300039E000C33A72 /* PBXContainerItemProxy */;
		};
/* End PBXTargetDependency section */

/* Begin XCBuildConfiguration section */
		288ECC4C300039E000C33A72 /* Debug */ = {
			isa = XCBuildConfiguration;
			buildSettings = {
				ALWAYS_SEARCH_USER_PATHS = NO;
				ASSETCATALOG_COMPILER_GENERATE_SWIFT_ASSET_SYMBOL_EXTENSIONS = YES;
				CLANG_ANALYZER_NONNULL = YES;
				CLANG_ANALYZER_NUMBER_OBJECT_CONVERSION = YES_AGGRESSIVE;
				CLANG_CXX_LANGUAGE_STANDARD = "gnu++20";
				CLANG_ENABLE_MODULES = YES;
				CLANG_ENABLE_OBJC_ARC = YES;
				CLANG_ENABLE_OBJC_WEAK = YES;
				CLANG_WARN_BLOCK_CAPTURE_AUTORELEASING = YES;
				CLANG_WARN_BOOL_CONVERSION = YES;
				CLANG_WARN_COMMA = YES;
				CLANG_WARN_CONSTANT_CONVERSION = YES;
				CLANG_WARN_DEPRECATED_OBJC_IMPLEMENTATIONS = YES;
				CLANG_WARN_DIRECT_OBJC_ISA_USAGE = YES_ERROR;
				CLANG_WARN_DOCUMENTATION_COMMENTS = YES;
				CLANG_WARN_EMPTY_BODY = YES;
				CLANG_WARN_ENUM_CONVERSION = YES;
				CLANG_WARN_INFINITE_RECURSION = YES;
				CLANG_WARN_INT_CONVERSION = YES;
				CLANG_WARN_NON_LITERAL_NULL_CONVERSION = YES;
				CLANG_WARN_OBJC_IMPLICIT_RETAIN_SELF = YES;
				CLANG_WARN_OBJC_LITERAL_CONVERSION = YES;
				CLANG_WARN_OBJC_ROOT_CLASS = YES_ERROR;
				CLANG_WARN_QUOTED_INCLUDE_IN_FRAMEWORK_HEADER = YES;
				CLANG_WARN_RANGE_LOOP_ANALYSIS = YES;
				CLANG_WARN_STRICT_PROTOTYPES = YES;
				CLANG_WARN_SUSPICIOUS_MOVE = YES;
				CLANG_WARN_UNGUARDED_AVAILABILITY = YES_AGGRESSIVE;
				CLANG_WARN_UNREACHABLE_CODE = YES;
				CLANG_WARN__DUPLICATE_METHOD_MATCH = YES;
				COPY_PHASE_STRIP = NO;
				DEBUG_INFORMATION_FORMAT = dwarf;
				DEVELOPMENT_TEAM = 442ZGJTQRG;
				ENABLE_STRICT_OBJC_MSGSEND = YES;
				ENABLE_TESTABILITY = YES;
				ENABLE_USER_SCRIPT_SANDBOXING = YES;
				GCC_C_LANGUAGE_STANDARD = gnu17;
				GCC_DYNAMIC_NO_PIC = NO;
				GCC_NO_COMMON_BLOCKS = YES;
				GCC_OPTIMIZATION_LEVEL = 0;
				GCC_PREPROCESSOR_DEFINITIONS = (
					"DEBUG=1",
					"$(inherited)",
				);
				GCC_WARN_64_TO_32_BIT_CONVERSION = YES;
				GCC_WARN_ABOUT_RETURN_TYPE = YES_ERROR;
				GCC_WARN_UNDECLARED_SELECTOR = YES;
				GCC_WARN_UNINITIALIZED_AUTOS = YES_AGGRESSIVE;
				GCC_WARN_UNUSED_FUNCTION = YES;
				GCC_WARN_UNUSED_VARIABLE = YES;
				LOCALIZATION_PREFERS_STRING_CATALOGS = YES;
				MTL_ENABLE_DEBUG_INFO = INCLUDE_SOURCE;
				MTL_FAST_MATH = YES;
				ONLY_ACTIVE_ARCH = YES;
				SWIFT_ACTIVE_COMPILATION_CONDITIONS = "DEBUG $(inherited)";
				SWIFT_OPTIMIZATION_LEVEL = "-Onone";
			};
			name = Debug;
		};
		288ECC4D300039E000C33A72 /* Release */ = {
			isa = XCBuildConfiguration;
			buildSettings = {
				ALWAYS_SEARCH_USER_PATHS = NO;
				ASSETCATALOG_COMPILER_GENERATE_SWIFT_ASSET_SYMBOL_EXTENSIONS = YES;
				CLANG_ANALYZER_NONNULL = YES;
				CLANG_ANALYZER_NUMBER_OBJECT_CONVERSION = YES_AGGRESSIVE;
				CLANG_CXX_LANGUAGE_STANDARD = "gnu++20";
				CLANG_ENABLE_MODULES = YES;
				CLANG_ENABLE_OBJC_ARC = YES;
				CLANG_ENABLE_OBJC_WEAK = YES;
				CLANG_WARN_BLOCK_CAPTURE_AUTORELEASING = YES;
				CLANG_WARN_BOOL_CONVERSION = YES;
				CLANG_WARN_COMMA = YES;
				CLANG_WARN_CONSTANT_CONVERSION = YES;
				CLANG_WARN_DEPRECATED_OBJC_IMPLEMENTATIONS = YES;
				CLANG_WARN_DIRECT_OBJC_ISA_USAGE = YES_ERROR;
				CLANG_WARN_DOCUMENTATION_COMMENTS = YES;
				CLANG_WARN_EMPTY_BODY = YES;
				CLANG_WARN_ENUM_CONVERSION = YES;
				CLANG_WARN_INFINITE_RECURSION = YES;
				CLANG_WARN_INT_CONVERSION = YES;
				CLANG_WARN_NON_LITERAL_NULL_CONVERSION = YES;
				CLANG_WARN_OBJC_IMPLICIT_RETAIN_SELF = YES;
				CLANG_WARN_OBJC_LITERAL_CONVERSION = YES;
				CLANG_WARN_OBJC_ROOT_CLASS = YES_ERROR;
				CLANG_WARN_QUOTED_INCLUDE_IN_FRAMEWORK_HEADER = YES;
				CLANG_WARN_RANGE_LOOP_ANALYSIS = YES;
				CLANG_WARN_STRICT_PROTOTYPES = YES;
				CLANG_WARN_SUSPICIOUS_MOVE = YES;
				CLANG_WARN_UNGUARDED_AVAILABILITY = YES_AGGRESSIVE;
				CLANG_WARN_UNREACHABLE_CODE = YES;
				CLANG_WARN__DUPLICATE_METHOD_MATCH = YES;
				COPY_PHASE_STRIP = NO;
				DEBUG_INFORMATION_FORMAT = "dwarf-with-dsym";
				DEVELOPMENT_TEAM = 442ZGJTQRG;
				ENABLE_NS_ASSERTIONS = NO;
				ENABLE_STRICT_OBJC_MSGSEND = YES;
				ENABLE_USER_SCRIPT_SANDBOXING = YES;
				GCC_C_LANGUAGE_STANDARD = gnu17;
				GCC_NO_COMMON_BLOCKS = YES;
				GCC_WARN_64_TO_32_BIT_CONVERSION = YES;
				GCC_WARN_ABOUT_RETURN_TYPE = YES_ERROR;
				GCC_WARN_UNDECLARED_SELECTOR = YES;
				GCC_WARN_UNINITIALIZED_AUTOS = YES_AGGRESSIVE;
				GCC_WARN_UNUSED_FUNCTION = YES;
				GCC_WARN_UNUSED_VARIABLE = YES;
				LOCALIZATION_PREFERS_STRING_CATALOGS = YES;
				MTL_ENABLE_DEBUG_INFO = NO;
				MTL_FAST_MATH = YES;
				SWIFT_COMPILATION_MODE = wholemodule;
			};
			name = Release;
		};
		288ECC4F300039E000C33A72 /* Debug */ = {
			isa = XCBuildConfiguration;
			buildSettings = {
				ASSETCATALOG_COMPILER_APPICON_NAME = AppIcon;
				ASSETCATALOG_COMPILER_GLOBAL_ACCENT_COLOR_NAME = AccentColor;
				CODE_SIGN_ENTITLEMENTS = "burnzone-ui Watch App/burnzone-ui Watch App.entitlements";
				CODE_SIGN_STYLE = Automatic;
				CURRENT_PROJECT_VERSION = 1;
				DEVELOPMENT_TEAM = 442ZGJTQRG;
				ENABLE_PREVIEWS = YES;
				GENERATE_INFOPLIST_FILE = YES;
				INFOPLIST_KEY_CFBundleDisplayName = "Bread & Butter";
				INFOPLIST_KEY_NSHealthShareUsageDescription = "Butter vs. Bread reads your heart rate, resting heart rate, and date of birth to estimate your heart-rate zones and fat/carb fuel mix.";
				INFOPLIST_KEY_NSHealthUpdateUsageDescription = "Bread & Butter briefly starts a heart-rate session so it can show your live fuel mix while the app is open. The session is discarded and not saved as a workout.";
				INFOPLIST_KEY_UISupportedInterfaceOrientations = "UIInterfaceOrientationPortrait UIInterfaceOrientationPortraitUpsideDown";
				INFOPLIST_KEY_WKWatchOnly = YES;
				LD_RUNPATH_SEARCH_PATHS = (
					"$(inherited)",
					"@executable_path/Frameworks",
				);
				MARKETING_VERSION = 1.0;
				PRODUCT_BUNDLE_IDENTIFIER = "com.matsoukis.burnzone-ui.watchkitapp";
				PRODUCT_NAME = "$(TARGET_NAME)";
				SDKROOT = watchos;
				SKIP_INSTALL = YES;
				STRING_CATALOG_GENERATE_SYMBOLS = YES;
				SWIFT_APPROACHABLE_CONCURRENCY = YES;
				SWIFT_DEFAULT_ACTOR_ISOLATION = MainActor;
				SWIFT_EMIT_LOC_STRINGS = YES;
				SWIFT_UPCOMING_FEATURE_MEMBER_IMPORT_VISIBILITY = YES;
				SWIFT_VERSION = 5.0;
				TARGETED_DEVICE_FAMILY = 4;
				WATCHOS_DEPLOYMENT_TARGET = 26.2;
			};
			name = Debug;
		};
		288ECC50300039E000C33A72 /* Release */ = {
			isa = XCBuildConfiguration;
			buildSettings = {
				ASSETCATALOG_COMPILER_APPICON_NAME = AppIcon;
				ASSETCATALOG_COMPILER_GLOBAL_ACCENT_COLOR_NAME = AccentColor;
				CODE_SIGN_ENTITLEMENTS = "burnzone-ui Watch App/burnzone-ui Watch App.entitlements";
				CODE_SIGN_STYLE = Automatic;
				CURRENT_PROJECT_VERSION = 1;
				DEVELOPMENT_TEAM = 442ZGJTQRG;
				ENABLE_PREVIEWS = YES;
				GENERATE_INFOPLIST_FILE = YES;
				INFOPLIST_KEY_CFBundleDisplayName = "Bread & Butter";
				INFOPLIST_KEY_NSHealthShareUsageDescription = "Butter vs. Bread reads your heart rate, resting heart rate, and date of birth to estimate your heart-rate zones and fat/carb fuel mix.";
				INFOPLIST_KEY_NSHealthUpdateUsageDescription = "Bread & Butter briefly starts a heart-rate session so it can show your live fuel mix while the app is open. The session is discarded and not saved as a workout.";
				INFOPLIST_KEY_UISupportedInterfaceOrientations = "UIInterfaceOrientationPortrait UIInterfaceOrientationPortraitUpsideDown";
				INFOPLIST_KEY_WKWatchOnly = YES;
				LD_RUNPATH_SEARCH_PATHS = (
					"$(inherited)",
					"@executable_path/Frameworks",
				);
				MARKETING_VERSION = 1.0;
				PRODUCT_BUNDLE_IDENTIFIER = "com.matsoukis.burnzone-ui.watchkitapp";
				PRODUCT_NAME = "$(TARGET_NAME)";
				SDKROOT = watchos;
				SKIP_INSTALL = YES;
				STRING_CATALOG_GENERATE_SYMBOLS = YES;
				SWIFT_APPROACHABLE_CONCURRENCY = YES;
				SWIFT_DEFAULT_ACTOR_ISOLATION = MainActor;
				SWIFT_EMIT_LOC_STRINGS = YES;
				SWIFT_UPCOMING_FEATURE_MEMBER_IMPORT_VISIBILITY = YES;
				SWIFT_VERSION = 5.0;
				TARGETED_DEVICE_FAMILY = 4;
				VALIDATE_PRODUCT = YES;
				WATCHOS_DEPLOYMENT_TARGET = 26.2;
			};
			name = Release;
		};
		288ECC52300039E000C33A72 /* Debug */ = {
			isa = XCBuildConfiguration;
			buildSettings = {
				BUNDLE_LOADER = "$(TEST_HOST)";
				CODE_SIGN_STYLE = Automatic;
				CURRENT_PROJECT_VERSION = 1;
				DEVELOPMENT_TEAM = 442ZGJTQRG;
				GENERATE_INFOPLIST_FILE = YES;
				MARKETING_VERSION = 1.0;
				PRODUCT_BUNDLE_IDENTIFIER = "matsoukis.burnzone-ui-Watch-AppTests";
				PRODUCT_NAME = "$(TARGET_NAME)";
				SDKROOT = watchos;
				STRING_CATALOG_GENERATE_SYMBOLS = NO;
				SWIFT_APPROACHABLE_CONCURRENCY = YES;
				SWIFT_EMIT_LOC_STRINGS = NO;
				SWIFT_UPCOMING_FEATURE_MEMBER_IMPORT_VISIBILITY = YES;
				SWIFT_VERSION = 5.0;
				TARGETED_DEVICE_FAMILY = 4;
				TEST_HOST = "$(BUILT_PRODUCTS_DIR)/burnzone-ui Watch App.app/$(BUNDLE_EXECUTABLE_FOLDER_PATH)/burnzone-ui Watch App";
				WATCHOS_DEPLOYMENT_TARGET = 26.2;
			};
			name = Debug;
		};
		288ECC53300039E000C33A72 /* Release */ = {
			isa = XCBuildConfiguration;
			buildSettings = {
				BUNDLE_LOADER = "$(TEST_HOST)";
				CODE_SIGN_STYLE = Automatic;
				CURRENT_PROJECT_VERSION = 1;
				DEVELOPMENT_TEAM = 442ZGJTQRG;
				GENERATE_INFOPLIST_FILE = YES;
				MARKETING_VERSION = 1.0;
				PRODUCT_BUNDLE_IDENTIFIER = "matsoukis.burnzone-ui-Watch-AppTests";
				PRODUCT_NAME = "$(TARGET_NAME)";
				SDKROOT = watchos;
				STRING_CATALOG_GENERATE_SYMBOLS = NO;
				SWIFT_APPROACHABLE_CONCURRENCY = YES;
				SWIFT_EMIT_LOC_STRINGS = NO;
				SWIFT_UPCOMING_FEATURE_MEMBER_IMPORT_VISIBILITY = YES;
				SWIFT_VERSION = 5.0;
				TARGETED_DEVICE_FAMILY = 4;
				TEST_HOST = "$(BUILT_PRODUCTS_DIR)/burnzone-ui Watch App.app/$(BUNDLE_EXECUTABLE_FOLDER_PATH)/burnzone-ui Watch App";
				VALIDATE_PRODUCT = YES;
				WATCHOS_DEPLOYMENT_TARGET = 26.2;
			};
			name = Release;
		};
		288ECC55300039E000C33A72 /* Debug */ = {
			isa = XCBuildConfiguration;
			buildSettings = {
				CODE_SIGN_STYLE = Automatic;
				CURRENT_PROJECT_VERSION = 1;
				DEVELOPMENT_TEAM = 442ZGJTQRG;
				GENERATE_INFOPLIST_FILE = YES;
				MARKETING_VERSION = 1.0;
				PRODUCT_BUNDLE_IDENTIFIER = "matsoukis.burnzone-ui-Watch-AppUITests";
				PRODUCT_NAME = "$(TARGET_NAME)";
				SDKROOT = watchos;
				STRING_CATALOG_GENERATE_SYMBOLS = NO;
				SWIFT_APPROACHABLE_CONCURRENCY = YES;
				SWIFT_EMIT_LOC_STRINGS = NO;
				SWIFT_UPCOMING_FEATURE_MEMBER_IMPORT_VISIBILITY = YES;
				SWIFT_VERSION = 5.0;
				TARGETED_DEVICE_FAMILY = 4;
				TEST_TARGET_NAME = "burnzone-ui Watch App";
				WATCHOS_DEPLOYMENT_TARGET = 26.2;
			};
			name = Debug;
		};
		288ECC56300039E000C33A72 /* Release */ = {
			isa = XCBuildConfiguration;
			buildSettings = {
				CODE_SIGN_STYLE = Automatic;
				CURRENT_PROJECT_VERSION = 1;
				DEVELOPMENT_TEAM = 442ZGJTQRG;
				GENERATE_INFOPLIST_FILE = YES;
				MARKETING_VERSION = 1.0;
				PRODUCT_BUNDLE_IDENTIFIER = "matsoukis.burnzone-ui-Watch-AppUITests";
				PRODUCT_NAME = "$(TARGET_NAME)";
				SDKROOT = watchos;
				STRING_CATALOG_GENERATE_SYMBOLS = NO;
				SWIFT_APPROACHABLE_CONCURRENCY = YES;
				SWIFT_EMIT_LOC_STRINGS = NO;
				SWIFT_UPCOMING_FEATURE_MEMBER_IMPORT_VISIBILITY = YES;
				SWIFT_VERSION = 5.0;
				TARGETED_DEVICE_FAMILY = 4;
				TEST_TARGET_NAME = "burnzone-ui Watch App";
				VALIDATE_PRODUCT = YES;
				WATCHOS_DEPLOYMENT_TARGET = 26.2;
			};
			name = Release;
		};
/* End XCBuildConfiguration section */

/* Begin XCConfigurationList section */
		288ECC28300039DE00C33A72 /* Build configuration list for PBXProject "burnzone-ui" */ = {
			isa = XCConfigurationList;
			buildConfigurations = (
				288ECC4C300039E000C33A72 /* Debug */,
				288ECC4D300039E000C33A72 /* Release */,
			);
			defaultConfigurationIsVisible = 0;
			defaultConfigurationName = Release;
		};
		288ECC4E300039E000C33A72 /* Build configuration list for PBXNativeTarget "burnzone-ui Watch App" */ = {
			isa = XCConfigurationList;
			buildConfigurations = (
				288ECC4F300039E000C33A72 /* Debug */,
				288ECC50300039E000C33A72 /* Release */,
			);
			defaultConfigurationIsVisible = 0;
			defaultConfigurationName = Release;
		};
		288ECC51300039E000C33A72 /* Build configuration list for PBXNativeTarget "burnzone-ui Watch AppTests" */ = {
			isa = XCConfigurationList;
			buildConfigurations = (
				288ECC52300039E000C33A72 /* Debug */,
				288ECC53300039E000C33A72 /* Release */,
			);
			defaultConfigurationIsVisible = 0;
			defaultConfigurationName = Release;
		};
		288ECC54300039E000C33A72 /* Build configuration list for PBXNativeTarget "burnzone-ui Watch AppUITests" */ = {
			isa = XCConfigurationList;
			buildConfigurations = (
				288ECC55300039E000C33A72 /* Debug */,
				288ECC56300039E000C33A72 /* Release */,
			);
			defaultConfigurationIsVisible = 0;
			defaultConfigurationName = Release;
		};
/* End XCConfigurationList section */
	};
	rootObject = 288ECC25300039DE00C33A72 /* Project object */;
}
